
Microsoft Visual Studio Solution File, Format Version 12.00
# Visual Studio Version 16
VisualStudioVersion = 16.0.30717.126
MinimumVisualStudioVersion = 10.0.40219.1
Project("{9A19103F-16F7-4668-BE54-9A1E7A4F7556}") = "Klepach.Core.VHDV.Cli", "Klepach.Core.VHDV.Cli.csproj", "{BE82C973-24F6-47BB-A588-AB23EC69022B}"
EndProject
Project("{FAE04EC0-301F-11D3-BF4B-00C04F79EFBC}") = "Klepach.Core.VHDV.Db", "..\Klepach.Core.VHDV.Db\Klepach.Core.VHDV.Db.csproj", "{863617C4-A5FA-4056-A31E-513CC5AB6D9A}"
EndProject
Global
	GlobalSection(SolutionConfigurationPlatforms) = preSolution
		Debug|Any CPU = Debug|Any CPU
		Release|Any CPU = Release|Any CPU
	EndGlobalSection
	GlobalSection(ProjectConfigurationPlatforms) = postSolution
		{BE82C973-24F6-47BB-A588-AB23EC69022B}.Debug|Any CPU.ActiveCfg = Debug|Any CPU
		{BE82C973-24F6-47BB-A588-AB23EC69022B}.Debug|Any CPU.Build.0 = Debug|Any CPU
		{BE82C973-24F6-47BB-A588-AB23EC69022B}.Release|Any CPU.ActiveCfg = Release|Any CPU
		{BE82C973-24F6-47BB-A588-AB23EC69022B}.Release|Any CPU.Build.0 = Release|Any CPU
		{863617C4-A5FA-4056-A31E-513CC5AB6D9A}.Debug|Any CPU.ActiveCfg = Debug|Any CPU
		{863617C4-A5FA-4056-A31E-513CC5AB6D9A}.Debug|Any CPU.Build.0 = Debug|Any CPU
		{863617C4-A5FA-4056-A31E-513CC5AB6D9A}.Release|Any CPU.ActiveCfg = Release|Any CPU
		{863617C4-A5FA-4056-A31E-513CC5AB6D9A}.Release|Any CPU.Build.0 = Release|Any CPU
	EndGlobalSection
	GlobalSection(SolutionProperties) = preSolution
		HideSolutionNode = FALSE
	EndGlobalSection
	GlobalSection(ExtensibilityGlobals) = postSolution
		SolutionGuid = {085FA0F7-25F7-4698-BC35-AE7DF4D6A797}
	EndGlobalSection
EndGlobal
